
Microsoft Visual Studio Solution File, Format Version 12.00
# Visual Studio Version 17
VisualStudioVersion = 17.10.35027.167
MinimumVisualStudioVersion = 10.0.40219.1
Project("{FAE04EC0-301F-11D3-BF4B-00C04F79EFBC}") = "CoursesManagement", "CoursesManagement\CoursesManagement.csproj", "{A5B61F32-FFDE-4136-8CE2-F4A71F3889B5}"
EndProject
Project("{FAE04EC0-301F-11D3-BF4B-00C04F79EFBC}") = "CoursesManagement.Domain", "CoursesManagement.Domain\CoursesManagement.Domain.csproj", "{0F43C9D4-76A5-4CC5-BA4D-6E37ECAF3181}"
EndProject
Global
	GlobalSection(SolutionConfigurationPlatforms) = preSolution
		Debug|Any CPU = Debug|Any CPU
		Release|Any CPU = Release|Any CPU
	EndGlobalSection
	GlobalSection(ProjectConfigurationPlatforms) = postSolution
		{A5B61F32-FFDE-4136-8CE2-F4A71F3889B5}.Debug|Any CPU.ActiveCfg = Debug|Any CPU
		{A5B61F32-FFDE-4136-8CE2-F4A71F3889B5}.Debug|Any CPU.Build.0 = Debug|Any CPU
		{A5B61F32-FFDE-4136-8CE2-F4A71F3889B5}.Release|Any CPU.ActiveCfg = Release|Any CPU
		{A5B61F32-FFDE-4136-8CE2-F4A71F3889B5}.Release|Any CPU.Build.0 = Release|Any CPU
		{0F43C9D4-76A5-4CC5-BA4D-6E37ECAF3181}.Debug|Any CPU.ActiveCfg = Debug|Any CPU
		{0F43C9D4-76A5-4CC5-BA4D-6E37ECAF3181}.Debug|Any CPU.Build.0 = Debug|Any CPU
		{0F43C9D4-76A5-4CC5-BA4D-6E37ECAF3181}.Release|Any CPU.ActiveCfg = Release|Any CPU
		{0F43C9D4-76A5-4CC5-BA4D-6E37ECAF3181}.Release|Any CPU.Build.0 = Release|Any CPU
	EndGlobalSection
	GlobalSection(SolutionProperties) = preSolution
		HideSolutionNode = FALSE
	EndGlobalSection
	GlobalSection(ExtensibilityGlobals) = postSolution
		SolutionGuid = {DB704A6F-16F6-481C-86DF-C95CB8B242B4}
	EndGlobalSection
EndGlobal
